// !$*UTF8*$!
{
	archiveVersion = 1;
	classes = {
	};
	objectVersion = 56;
	objects = {

/* Begin PBXBuildFile section */
		07816F84299045FB00C552DA /* Result.swift in Sources */ = {isa = PBXBuildFile; fileRef = 07816F83299045FB00C552DA /* Result.swift */; };
		07C6B0012990124600C210BC /* AppDelegate.swift in Sources */ = {isa = PBXBuildFile; fileRef = 07C6B0002990124600C210BC /* AppDelegate.swift */; };
		07C6B0032990124600C210BC /* SceneDelegate.swift in Sources */ = {isa = PBXBuildFile; fileRef = 07C6B0022990124600C210BC /* SceneDelegate.swift */; };
		07C6B0052990124600C210BC /* ViewController.swift in Sources */ = {isa = PBXBuildFile; fileRef = 07C6B0042990124600C210BC /* ViewController.swift */; };
		07C6B0082990124600C210BC /* Main.storyboard in Resources */ = {isa = PBXBuildFile; fileRef = 07C6B0062990124600C210BC /* Main.storyboard */; };
		07C6B00A2990124800C210BC /* Assets.xcassets in Resources */ = {isa = PBXBuildFile; fileRef = 07C6B0092990124800C210BC /* Assets.xcassets */; };
		07C6B00D2990124800C210BC /* LaunchScreen.storyboard in Resources */ = {isa = PBXBuildFile; fileRef = 07C6B00B2990124800C210BC /* LaunchScreen.storyboard */; };
		07C6B015299012CC00C210BC /* CollectionVC.swift in Sources */ = {isa = PBXBuildFile; fileRef = 07C6B014299012CC00C210BC /* CollectionVC.swift */; };
		07C6B01729901D9200C210BC /* CollectionViewCell.swift in Sources */ = {isa = PBXBuildFile; fileRef = 07C6B01629901D9200C210BC /* CollectionViewCell.swift */; };
		29127346DF8A66B09AFE42DF /* Pods_swift_6_task.framework in Frameworks */ = {isa = PBXBuildFile; fileRef = BCDCCF514745B2B1581E3003 /* Pods_swift_6_task.framework */; };
/* End PBXBuildFile section */

/* Begin PBXFileReference section */
		07816F83299045FB00C552DA /* Result.swift */ = {isa = PBXFileReference; lastKnownFileType = sourcecode.swift; path = Result.swift; sourceTree = "<group>"; };
		07C6AFFD2990124600C210BC /* swift_6_task.app */ = {isa = PBXFileReference; explicitFileType = wrapper.application; includeInIndex = 0; path = swift_6_task.app; sourceTree = BUILT_PRODUCTS_DIR; };
		07C6B0002990124600C210BC /* AppDelegate.swift */ = {isa = PBXFileReference; lastKnownFileType = sourcecode.swift; path = AppDelegate.swift; sourceTree = "<group>"; };
		07C6B0022990124600C210BC /* SceneDelegate.swift */ = {isa = PBXFileReference; lastKnownFileType = sourcecode.swift; path = SceneDelegate.swift; sourceTree = "<group>"; };
		07C6B0042990124600C210BC /* ViewController.swift */ = {isa = PBXFileReference; lastKnownFileType = sourcecode.swift; path = ViewController.swift; sourceTree = "<group>"; };
		07C6B0072990124600C210BC /* Base */ = {isa = PBXFileReference; lastKnownFileType = file.storyboard; name = Base; path = Base.lproj/Main.storyboard; sourceTree = "<group>"; };
		07C6B0092990124800C210BC /* Assets.xcassets */ = {isa = PBXFileReference; lastKnownFileType = folder.assetcatalog; path = Assets.xcassets; sourceTree = "<group>"; };
		07C6B00C2990124800C210BC /* Base */ = {isa = PBXFileReference; lastKnownFileType = file.storyboard; name = Base; path = Base.lproj/LaunchScreen.storyboard; sourceTree = "<group>"; };
		07C6B00E2990124800C210BC /* Info.plist */ = {isa = PBXFileReference; lastKnownFileType = text.plist.xml; path = Info.plist; sourceTree = "<group>"; };
		07C6B014299012CC00C210BC /* CollectionVC.swift */ = {isa = PBXFileReference; lastKnownFileType = sourcecode.swift; path = CollectionVC.swift; sourceTree = "<group>"; };
		07C6B01629901D9200C210BC /* CollectionViewCell.swift */ = {isa = PBXFileReference; lastKnownFileType = sourcecode.swift; path = CollectionViewCell.swift; sourceTree = "<group>"; };
		338C2CA3E1A8CBA9D84EE606 /* Pods-swift_6_task.release.xcconfig */ = {isa = PBXFileReference; includeInIndex = 1; lastKnownFileType = text.xcconfig; name = "Pods-swift_6_task.release.xcconfig"; path = "Target Support Files/Pods-swift_6_task/Pods-swift_6_task.release.xcconfig"; sourceTree = "<group>"; };
		77E3AEEE80E719B145D286B5 /* Pods-swift_6_task.debug.xcconfig */ = {isa = PBXFileReference; includeInIndex = 1; lastKnownFileType = text.xcconfig; name = "Pods-swift_6_task.debug.xcconfig"; path = "Target Support Files/Pods-swift_6_task/Pods-swift_6_task.debug.xcconfig"; sourceTree = "<group>"; };
		BCDCCF514745B2B1581E3003 /* Pods_swift_6_task.framework */ = {isa = PBXFileReference; explicitFileType = wrapper.framework; includeInIndex = 0; path = Pods_swift_6_task.framework; sourceTree = BUILT_PRODUCTS_DIR; };
/* End PBXFileReference section */

/* Begin PBXFrameworksBuildPhase section */
		07C6AFFA2990124600C210BC /* Frameworks */ = {
			isa = PBXFrameworksBuildPhase;
			buildActionMask = 2147483647;
			files = (
				29127346DF8A66B09AFE42DF /* Pods_swift_6_task.framework in Frameworks */,
			);
			runOnlyForDeploymentPostprocessing = 0;
		};
/* End PBXFrameworksBuildPhase section */

/* Begin PBXGroup section */
		07C6AFF42990124600C210BC = {
			isa = PBXGroup;
			children = (
				07C6AFFF2990124600C210BC /* swift_6_task */,
				07C6AFFE2990124600C210BC /* Products */,
				2EB63F9A535A253693AB0F00 /* Pods */,
				626D4D83579B1ED5D9B8F306 /* Frameworks */,
			);
			sourceTree = "<group>";
		};
		07C6AFFE2990124600C210BC /* Products */ = {
			isa = PBXGroup;
			children = (
				07C6AFFD2990124600C210BC /* swift_6_task.app */,
			);
			name = Products;
			sourceTree = "<group>";
		};
		07C6AFFF2990124600C210BC /* swift_6_task */ = {
			isa = PBXGroup;
			children = (
				07C6B0002990124600C210BC /* AppDelegate.swift */,
				07C6B0022990124600C210BC /* SceneDelegate.swift */,
				07C6B0042990124600C210BC /* ViewController.swift */,
				07C6B0062990124600C210BC /* Main.storyboard */,
				07C6B0092990124800C210BC /* Assets.xcassets */,
				07C6B00B2990124800C210BC /* LaunchScreen.storyboard */,
				07C6B00E2990124800C210BC /* Info.plist */,
				07C6B014299012CC00C210BC /* CollectionVC.swift */,
				07C6B01629901D9200C210BC /* CollectionViewCell.swift */,
				07816F83299045FB00C552DA /* Result.swift */,
			);
			path = swift_6_task;
			sourceTree = "<group>";
		};
		2EB63F9A535A253693AB0F00 /* Pods */ = {
			isa = PBXGroup;
			children = (
				77E3AEEE80E719B145D286B5 /* Pods-swift_6_task.debug.xcconfig */,
				338C2CA3E1A8CBA9D84EE606 /* Pods-swift_6_task.release.xcconfig */,
			);
			name = Pods;
			path = Pods;
			sourceTree = "<group>";
		};
		626D4D83579B1ED5D9B8F306 /* Frameworks */ = {
			isa = PBXGroup;
			children = (
				BCDCCF514745B2B1581E3003 /* Pods_swift_6_task.framework */,
			);
			name = Frameworks;
			sourceTree = "<group>";
		};
/* End PBXGroup section */

/* Begin PBXNativeTarget section */
		07C6AFFC2990124600C210BC /* swift_6_task */ = {
			isa = PBXNativeTarget;
			buildConfigurationList = 07C6B0112990124800C210BC /* Build configuration list for PBXNativeTarget "swift_6_task" */;
			buildPhases = (
				7D189F0ABDBF680CC3BF3F41 /* [CP] Check Pods Manifest.lock */,
				07C6AFF92990124600C210BC /* Sources */,
				07C6AFFA2990124600C210BC /* Frameworks */,
				07C6AFFB2990124600C210BC /* Resources */,
				1F5DA36EC27C6F2790B40D98 /* [CP] Embed Pods Frameworks */,
			);
			buildRules = (
			);
			dependencies = (
			);
			name = swift_6_task;
			productName = swift_6_task;
			productReference = 07C6AFFD2990124600C210BC /* swift_6_task.app */;
			productType = "com.apple.product-type.application";
		};
/* End PBXNativeTarget section */

/* Begin PBXProject section */
		07C6AFF52990124600C210BC /* Project object */ = {
			isa = PBXProject;
			attributes = {
				BuildIndependentTargetsInParallel = 1;
				LastSwiftUpdateCheck = 1410;
				LastUpgradeCheck = 1410;
				TargetAttributes = {
					07C6AFFC2990124600C210BC = {
						CreatedOnToolsVersion = 14.1;
					};
				};
			};
			buildConfigurationList = 07C6AFF82990124600C210BC /* Build configuration list for PBXProject "swift_6_task" */;
			compatibilityVersion = "Xcode 14.0";
			developmentRegion = en;
			hasScannedForEncodings = 0;
			knownRegions = (
				en,
				Base,
			);
			mainGroup = 07C6AFF42990124600C210BC;
			productRefGroup = 07C6AFFE2990124600C210BC /* Products */;
			projectDirPath = "";
			projectRoot = "";
			targets = (
				07C6AFFC2990124600C210BC /* swift_6_task */,
			);
		};
/* End PBXProject section */

/* Begin PBXResourcesBuildPhase section */
		07C6AFFB2990124600C210BC /* Resources */ = {
			isa = PBXResourcesBuildPhase;
			buildActionMask = 2147483647;
			files = (
				07C6B00D2990124800C210BC /* LaunchScreen.storyboard in Resources */,
				07C6B00A2990124800C210BC /* Assets.xcassets in Resources */,
				07C6B0082990124600C210BC /* Main.storyboard in Resources */,
			);
			runOnlyForDeploymentPostprocessing = 0;
		};
/* End PBXResourcesBuildPhase section */

/* Begin PBXShellScriptBuildPhase section */
		1F5DA36EC27C6F2790B40D98 /* [CP] Embed Pods Frameworks */ = {
			isa = PBXShellScriptBuildPhase;
			buildActionMask = 2147483647;
			files = (
			);
			inputFileListPaths = (
				"${PODS_ROOT}/Target Support Files/Pods-swift_6_task/Pods-swift_6_task-frameworks-${CONFIGURATION}-input-files.xcfilelist",
			);
			name = "[CP] Embed Pods Frameworks";
			outputFileListPaths = (
				"${PODS_ROOT}/Target Support Files/Pods-swift_6_task/Pods-swift_6_task-frameworks-${CONFIGURATION}-output-files.xcfilelist",
			);
			runOnlyForDeploymentPostprocessing = 0;
			shellPath = /bin/sh;
			shellScript = "\"${PODS_ROOT}/Target Support Files/Pods-swift_6_task/Pods-swift_6_task-frameworks.sh\"\n";
			showEnvVarsInLog = 0;
		};
		7D189F0ABDBF680CC3BF3F41 /* [CP] Check Pods Manifest.lock */ = {
			isa = PBXShellScriptBuildPhase;
			buildActionMask = 2147483647;
			files = (
			);
			inputFileListPaths = (
			);
			inputPaths = (
				"${PODS_PODFILE_DIR_PATH}/Podfile.lock",
				"${PODS_ROOT}/Manifest.lock",
			);
			name = "[CP] Check Pods Manifest.lock";
			outputFileListPaths = (
			);
			outputPaths = (
				"$(DERIVED_FILE_DIR)/Pods-swift_6_task-checkManifestLockResult.txt",
			);
			runOnlyForDeploymentPostprocessing = 0;
			shellPath = /bin/sh;
			shellScript = "diff \"${PODS_PODFILE_DIR_PATH}/Podfile.lock\" \"${PODS_ROOT}/Manifest.lock\" > /dev/null\nif [ $? != 0 ] ; then\n    # print error to STDERR\n    echo \"error: The sandbox is not in sync with the Podfile.lock. Run 'pod install' or update your CocoaPods installation.\" >&2\n    exit 1\nfi\n# This output is used by Xcode 'outputs' to avoid re-running this script phase.\necho \"SUCCESS\" > \"${SCRIPT_OUTPUT_FILE_0}\"\n";
			showEnvVarsInLog = 0;
		};
/* End PBXShellScriptBuildPhase section */

/* Begin PBXSourcesBuildPhase section */
		07C6AFF92990124600C210BC /* Sources */ = {
			isa = PBXSourcesBuildPhase;
			buildActionMask = 2147483647;
			files = (
				07816F84299045FB00C552DA /* Result.swift in Sources */,
				07C6B01729901D9200C210BC /* CollectionViewCell.swift in Sources */,
				07C6B0052990124600C210BC /* ViewController.swift in Sources */,
				07C6B0012990124600C210BC /* AppDelegate.swift in Sources */,
				07C6B015299012CC00C210BC /* CollectionVC.swift in Sources */,
				07C6B0032990124600C210BC /* SceneDelegate.swift in Sources */,
			);
			runOnlyForDeploymentPostprocessing = 0;
		};
/* End PBXSourcesBuildPhase section */

/* Begin PBXVariantGroup section */
		07C6B0062990124600C210BC /* Main.storyboard */ = {
			isa = PBXVariantGroup;
			children = (
				07C6B0072990124600C210BC /* Base */,
			);
			name = Main.storyboard;
			sourceTree = "<group>";
		};
		07C6B00B2990124800C210BC /* LaunchScreen.storyboard */ = {
			isa = PBXVariantGroup;
			children = (
				07C6B00C2990124800C210BC /* Base */,
			);
			name = LaunchScreen.storyboard;
			sourceTree = "<group>";
		};
/* End PBXVariantGroup section */

/* Begin XCBuildConfiguration section */
		07C6B00F2990124800C210BC /* Debug */ = {
			isa = XCBuildConfiguration;
			buildSettings = {
				ALWAYS_SEARCH_USER_PATHS = NO;
				CLANG_ANALYZER_NONNULL = YES;
				CLANG_ANALYZER_NUMBER_OBJECT_CONVERSION = YES_AGGRESSIVE;
				CLANG_CXX_LANGUAGE_STANDARD = "gnu++20";
				CLANG_ENABLE_MODULES = YES;
				CLANG_ENABLE_OBJC_ARC = YES;
				CLANG_ENABLE_OBJC_WEAK = YES;
				CLANG_WARN_BLOCK_CAPTURE_AUTORELEASING = YES;
				CLANG_WARN_BOOL_CONVERSION = YES;
				CLANG_WARN_COMMA = YES;
				CLANG_WARN_CONSTANT_CONVERSION = YES;
				CLANG_WARN_DEPRECATED_OBJC_IMPLEMENTATIONS = YES;
				CLANG_WARN_DIRECT_OBJC_ISA_USAGE = YES_ERROR;
				CLANG_WARN_DOCUMENTATION_COMMENTS = YES;
				CLANG_WARN_EMPTY_BODY = YES;
				CLANG_WARN_ENUM_CONVERSION = YES;
				CLANG_WARN_INFINITE_RECURSION = YES;
				CLANG_WARN_INT_CONVERSION = YES;
				CLANG_WARN_NON_LITERAL_NULL_CONVERSION = YES;
				CLANG_WARN_OBJC_IMPLICIT_RETAIN_SELF = YES;
				CLANG_WARN_OBJC_LITERAL_CONVERSION = YES;
				CLANG_WARN_OBJC_ROOT_CLASS = YES_ERROR;
				CLANG_WARN_QUOTED_INCLUDE_IN_FRAMEWORK_HEADER = YES;
				CLANG_WARN_RANGE_LOOP_ANALYSIS = YES;
				CLANG_WARN_STRICT_PROTOTYPES = YES;
				CLANG_WARN_SUSPICIOUS_MOVE = YES;
				CLANG_WARN_UNGUARDED_AVAILABILITY = YES_AGGRESSIVE;
				CLANG_WARN_UNREACHABLE_CODE = YES;
				CLANG_WARN__DUPLICATE_METHOD_MATCH = YES;
				COPY_PHASE_STRIP = NO;
				DEBUG_INFORMATION_FORMAT = dwarf;
				ENABLE_STRICT_OBJC_MSGSEND = YES;
				ENABLE_TESTABILITY = YES;
				GCC_C_LANGUAGE_STANDARD = gnu11;
				GCC_DYNAMIC_NO_PIC = NO;
				GCC_NO_COMMON_BLOCKS = YES;
				GCC_OPTIMIZATION_LEVEL = 0;
				GCC_PREPROCESSOR_DEFINITIONS = (
					"DEBUG=1",
					"$(inherited)",
				);
				GCC_WARN_64_TO_32_BIT_CONVERSION = YES;
				GCC_WARN_ABOUT_RETURN_TYPE = YES_ERROR;
				GCC_WARN_UNDECLARED_SELECTOR = YES;
				GCC_WARN_UNINITIALIZED_AUTOS = YES_AGGRESSIVE;
				GCC_WARN_UNUSED_FUNCTION = YES;
				GCC_WARN_UNUSED_VARIABLE = YES;
				IPHONEOS_DEPLOYMENT_TARGET = 16.1;
				MTL_ENABLE_DEBUG_INFO = INCLUDE_SOURCE;
				MTL_FAST_MATH = YES;
				ONLY_ACTIVE_ARCH = YES;
				SDKROOT = iphoneos;
				SWIFT_ACTIVE_COMPILATION_CONDITIONS = DEBUG;
				SWIFT_OPTIMIZATION_LEVEL = "-Onone";
			};
			name = Debug;
		};
		07C6B0102990124800C210BC /* Release */ = {
			isa = XCBuildConfiguration;
			buildSettings = {
				ALWAYS_SEARCH_USER_PATHS = NO;
				CLANG_ANALYZER_NONNULL = YES;
				CLANG_ANALYZER_NUMBER_OBJECT_CONVERSION = YES_AGGRESSIVE;
				CLANG_CXX_LANGUAGE_STANDARD = "gnu++20";
				CLANG_ENABLE_MODULES = YES;
				CLANG_ENABLE_OBJC_ARC = YES;
				CLANG_ENABLE_OBJC_WEAK = YES;
				CLANG_WARN_BLOCK_CAPTURE_AUTORELEASING = YES;
				CLANG_WARN_BOOL_CONVERSION = YES;
				CLANG_WARN_COMMA = YES;
				CLANG_WARN_CONSTANT_CONVERSION = YES;
				CLANG_WARN_DEPRECATED_OBJC_IMPLEMENTATIONS = YES;
				CLANG_WARN_DIRECT_OBJC_ISA_USAGE = YES_ERROR;
				CLANG_WARN_DOCUMENTATION_COMMENTS = YES;
				CLANG_WARN_EMPTY_BODY = YES;
				CLANG_WARN_ENUM_CONVERSION = YES;
				CLANG_WARN_INFINITE_RECURSION = YES;
				CLANG_WARN_INT_CONVERSION = YES;
				CLANG_WARN_NON_LITERAL_NULL_CONVERSION = YES;
				CLANG_WARN_OBJC_IMPLICIT_RETAIN_SELF = YES;
				CLANG_WARN_OBJC_LITERAL_CONVERSION = YES;
				CLANG_WARN_OBJC_ROOT_CLASS = YES_ERROR;
				CLANG_WARN_QUOTED_INCLUDE_IN_FRAMEWORK_HEADER = YES;
				CLANG_WARN_RANGE_LOOP_ANALYSIS = YES;
				CLANG_WARN_STRICT_PROTOTYPES = YES;
				CLANG_WARN_SUSPICIOUS_MOVE = YES;
				CLANG_WARN_UNGUARDED_AVAILABILITY = YES_AGGRESSIVE;
				CLANG_WARN_UNREACHABLE_CODE = YES;
				CLANG_WARN__DUPLICATE_METHOD_MATCH = YES;
				COPY_PHASE_STRIP = NO;
				DEBUG_INFORMATION_FORMAT = "dwarf-with-dsym";
				ENABLE_NS_ASSERTIONS = NO;
				ENABLE_STRICT_OBJC_MSGSEND = YES;
				GCC_C_LANGUAGE_STANDARD = gnu11;
				GCC_NO_COMMON_BLOCKS = YES;
				GCC_WARN_64_TO_32_BIT_CONVERSION = YES;
				GCC_WARN_ABOUT_RETURN_TYPE = YES_ERROR;
				GCC_WARN_UNDECLARED_SELECTOR = YES;
				GCC_WARN_UNINITIALIZED_AUTOS = YES_AGGRESSIVE;
				GCC_WARN_UNUSED_FUNCTION = YES;
				GCC_WARN_UNUSED_VARIABLE = YES;
				IPHONEOS_DEPLOYMENT_TARGET = 16.1;
				MTL_ENABLE_DEBUG_INFO = NO;
				MTL_FAST_MATH = YES;
				SDKROOT = iphoneos;
				SWIFT_COMPILATION_MODE = wholemodule;
				SWIFT_OPTIMIZATION_LEVEL = "-O";
				VALIDATE_PRODUCT = YES;
			};
			name = Release;
		};
		07C6B0122990124800C210BC /* Debug */ = {
			isa = XCBuildConfiguration;
			baseConfigurationReference = 77E3AEEE80E719B145D286B5 /* Pods-swift_6_task.debug.xcconfig */;
			buildSettings = {
				ASSETCATALOG_COMPILER_APPICON_NAME = AppIcon;
				ASSETCATALOG_COMPILER_GLOBAL_ACCENT_COLOR_NAME = AccentColor;
				CODE_SIGN_STYLE = Automatic;
				CURRENT_PROJECT_VERSION = 1;
				DEVELOPMENT_TEAM = UQ2YS6389U;
				GENERATE_INFOPLIST_FILE = YES;
				INFOPLIST_FILE = swift_6_task/Info.plist;
				INFOPLIST_KEY_UIApplicationSupportsIndirectInputEvents = YES;
				INFOPLIST_KEY_UILaunchStoryboardName = LaunchScreen;
				INFOPLIST_KEY_UIMainStoryboardFile = Main;
				INFOPLIST_KEY_UISupportedInterfaceOrientations_iPad = "UIInterfaceOrientationPortrait UIInterfaceOrientationPortraitUpsideDown UIInterfaceOrientationLandscapeLeft UIInterfaceOrientationLandscapeRight";
				INFOPLIST_KEY_UISupportedInterfaceOrientations_iPhone = "UIInterfaceOrientationPortrait UIInterfaceOrientationLandscapeLeft UIInterfaceOrientationLandscapeRight";
				LD_RUNPATH_SEARCH_PATHS = (
					"$(inherited)",
					"@executable_path/Frameworks",
				);
				MARKETING_VERSION = 1.0;
				PRODUCT_BUNDLE_IDENTIFIER = "iti.swift-6-task";
				PRODUCT_NAME = "$(TARGET_NAME)";
				SWIFT_EMIT_LOC_STRINGS = YES;
				SWIFT_VERSION = 5.0;
				TARGETED_DEVICE_FAMILY = "1,2";
			};
			name = Debug;
		};
		07C6B0132990124800C210BC /* Release */ = {
			isa = XCBuildConfiguration;
			baseConfigurationReference = 338C2CA3E1A8CBA9D84EE606 /* Pods-swift_6_task.release.xcconfig */;
			buildSettings = {
				ASSETCATALOG_COMPILER_APPICON_NAME = AppIcon;
				ASSETCATALOG_COMPILER_GLOBAL_ACCENT_COLOR_NAME = AccentColor;
				CODE_SIGN_STYLE = Automatic;
				CURRENT_PROJECT_VERSION = 1;
				DEVELOPMENT_TEAM = UQ2YS6389U;
				GENERATE_INFOPLIST_FILE = YES;
				INFOPLIST_FILE = swift_6_task/Info.plist;
				INFOPLIST_KEY_UIApplicationSupportsIndirectInputEvents = YES;
				INFOPLIST_KEY_UILaunchStoryboardName = LaunchScreen;
				INFOPLIST_KEY_UIMainStoryboardFile = Main;
				INFOPLIST_KEY_UISupportedInterfaceOrientations_iPad = "UIInterfaceOrientationPortrait UIInterfaceOrientationPortraitUpsideDown UIInterfaceOrientationLandscapeLeft UIInterfaceOrientationLandscapeRight";
				INFOPLIST_KEY_UISupportedInterfaceOrientations_iPhone = "UIInterfaceOrientationPortrait UIInterfaceOrientationLandscapeLeft UIInterfaceOrientationLandscapeRight";
				LD_RUNPATH_SEARCH_PATHS = (
					"$(inherited)",
					"@executable_path/Frameworks",
				);
				MARKETING_VERSION = 1.0;
				PRODUCT_BUNDLE_IDENTIFIER = "iti.swift-6-task";
				PRODUCT_NAME = "$(TARGET_NAME)";
				SWIFT_EMIT_LOC_STRINGS = YES;
				SWIFT_VERSION = 5.0;
				TARGETED_DEVICE_FAMILY = "1,2";
			};
			name = Release;
		};
/* End XCBuildConfiguration section */

/* Begin XCConfigurationList section */
		07C6AFF82990124600C210BC /* Build configuration list for PBXProject "swift_6_task" */ = {
			isa = XCConfigurationList;
			buildConfigurations = (
				07C6B00F2990124800C210BC /* Debug */,
				07C6B0102990124800C210BC /* Release */,
			);
			defaultConfigurationIsVisible = 0;
			defaultConfigurationName = Release;
		};
		07C6B0112990124800C210BC /* Build configuration list for PBXNativeTarget "swift_6_task" */ = {
			isa = XCConfigurationList;
			buildConfigurations = (
				07C6B0122990124800C210BC /* Debug */,
				07C6B0132990124800C210BC /* Release */,
			);
			defaultConfigurationIsVisible = 0;
			defaultConfigurationName = Release;
		};
/* End XCConfigurationList section */
	};
	rootObject = 07C6AFF52990124600C210BC /* Project object */;
}
